dependencies:
- name: nginx
  repository: https://charts.bitnami.com/bitnami
  version: 13.2.18
- name: nginx
  repository: https://charts.bitnami.com/bitnami
  version: 13.2.18
- name: nginx
  repository: https://charts.bitnami.com/bitnami
  version: 13.2.18
- name: elasticsearch
  repository: https://helm.elastic.co
  version: 7.17.3
digest: sha256:31d042a116e45e5220d62c4d4f5216dce08f7e2958a7385b57351b614b601d4e
generated: "2023-01-02T16:45:25.622273-08:00"
