dependencies:
- name: nginx
  repository: https://charts.bitnami.com/bitnami
  version: 13.2.18
- name: nginx
  repository: https://charts.bitnami.com/bitnami
  version: 13.2.18
- name: elasticsearch
  repository: https://helm.elastic.co
  version: 8.5.1
digest: sha256:5b06cf865c4052301ac001610412cd646d37e71276ff2a901e6d49fb437e9123
generated: "2022-12-16T17:19:34.170275-05:00"
